{
  "version": 4,
  "terraform_version": "1.11.3",
  "serial": 1,
  "lineage": "58783bc0-bd80-5894-aa70-8ac2dd6a73af",
  "outputs": {},
  "resources": [
    {
      "mode": "managed",
      "type": "digitalocean_droplet",
      "name": "solar_droplet",
      "provider": "provider[\"registry.terraform.io/digitalocean/digitalocean\"]",
      "instances": [
        {
          "schema_version": 1,
          "attributes": {
            "backup_policy": [],
            "backups": false,
            "created_at": "2025-04-07T00:02:54Z",
            "disk": 25,
            "droplet_agent": null,
            "graceful_shutdown": false,
            "id": "487744709",
            "image": "ubuntu-22-04-x64",
            "ipv4_address": "207.154.220.86",
            "ipv4_address_private": "10.114.0.2",
            "ipv6": false,
            "ipv6_address": "",
            "locked": false,
            "memory": 1024,
            "monitoring": false,
            "name": "solar-server",
            "price_hourly": 0.00893,
            "price_monthly": 6,
            "private_networking": true,
            "region": "fra1",
            "resize_disk": true,
            "size": "s-1vcpu-1gb",
            "ssh_keys": [
              "46652621"
            ],
            "status": "active",
            "tags": null,
            "timeouts": null,
            "urn": "do:droplet:487744709",
            "user_data": null,
            "vcpus": 1,
            "volume_ids": [],
            "vpc_uuid": "383916c1-8f5f-40df-9b91-1c0d6e045f44"
          },
          "sensitive_attributes": [],
          "private": "eyJlMmJmYjczMC1lY2FhLTExZTYtOGY4OC0zNDM2M2JjN2M0YzAiOnsiY3JlYXRlIjozNjAwMDAwMDAwMDAwLCJkZWxldGUiOjYwMDAwMDAwMDAwLCJ1cGRhdGUiOjM2MDAwMDAwMDAwMDB9LCJzY2hlbWFfdmVyc2lvbiI6IjEifQ=="
        }
      ]
    }
  ],
  "check_results": null
}
